// !$*UTF8*$!
{
	archiveVersion = 1;
	classes = {
	};
	objectVersion = 56;
	objects = {

/* Begin PBXBuildFile section */
		FF1004E92A9D122E0050F81B /* AdvertisementsService.swift in Sources */ = {isa = PBXBuildFile; fileRef = FF1004E82A9D122E0050F81B /* AdvertisementsService.swift */; };
		FF1004EB2A9D19DF0050F81B /* NetworkError.swift in Sources */ = {isa = PBXBuildFile; fileRef = FF1004EA2A9D19DF0050F81B /* NetworkError.swift */; };
		FF52BED92A9A1FBD00E09E24 /* AppDelegate.swift in Sources */ = {isa = PBXBuildFile; fileRef = FF52BED82A9A1FBD00E09E24 /* AppDelegate.swift */; };
		FF52BEDB2A9A1FBD00E09E24 /* SceneDelegate.swift in Sources */ = {isa = PBXBuildFile; fileRef = FF52BEDA2A9A1FBD00E09E24 /* SceneDelegate.swift */; };
		FF52BEDD2A9A1FBD00E09E24 /* CatalogViewController.swift in Sources */ = {isa = PBXBuildFile; fileRef = FF52BEDC2A9A1FBD00E09E24 /* CatalogViewController.swift */; };
		FF52BEE22A9A1FBE00E09E24 /* Assets.xcassets in Resources */ = {isa = PBXBuildFile; fileRef = FF52BEE12A9A1FBE00E09E24 /* Assets.xcassets */; };
		FF52BEE52A9A1FBE00E09E24 /* LaunchScreen.storyboard in Resources */ = {isa = PBXBuildFile; fileRef = FF52BEE32A9A1FBE00E09E24 /* LaunchScreen.storyboard */; };
		FF52BEED2A9A56A100E09E24 /* AppCoordinator.swift in Sources */ = {isa = PBXBuildFile; fileRef = FF52BEEC2A9A56A100E09E24 /* AppCoordinator.swift */; };
		FF52BEEF2A9A56AA00E09E24 /* CatalogCoordinator.swift in Sources */ = {isa = PBXBuildFile; fileRef = FF52BEEE2A9A56AA00E09E24 /* CatalogCoordinator.swift */; };
		FF52BEF32A9A5C9F00E09E24 /* Advertisement.swift in Sources */ = {isa = PBXBuildFile; fileRef = FF52BEF22A9A5C9F00E09E24 /* Advertisement.swift */; };
		FF52BEF52A9A5EA900E09E24 /* CatalogPresenter.swift in Sources */ = {isa = PBXBuildFile; fileRef = FF52BEF42A9A5EA900E09E24 /* CatalogPresenter.swift */; };
		FF52BF022A9A7FEB00E09E24 /* CatalogCollectionViewCell.swift in Sources */ = {isa = PBXBuildFile; fileRef = FF52BF012A9A7FEB00E09E24 /* CatalogCollectionViewCell.swift */; };
		FF9BFBDF2A9E5EE20015E41C /* UIView + Extension.swift in Sources */ = {isa = PBXBuildFile; fileRef = FF9BFBDE2A9E5EE20015E41C /* UIView + Extension.swift */; };
		FF9BFBE22A9E60950015E41C /* Kingfisher in Frameworks */ = {isa = PBXBuildFile; productRef = FF9BFBE12A9E60950015E41C /* Kingfisher */; };
		FF9BFBE42A9E66730015E41C /* BaseCoordinatorProtocol.swift in Sources */ = {isa = PBXBuildFile; fileRef = FF9BFBE32A9E66730015E41C /* BaseCoordinatorProtocol.swift */; };
		FF9BFBEA2A9E6AC80015E41C /* AdvertisementPresenter.swift in Sources */ = {isa = PBXBuildFile; fileRef = FF9BFBE92A9E6AC80015E41C /* AdvertisementPresenter.swift */; };
		FF9BFBEC2A9E6B0A0015E41C /* AdvertisementViewController.swift in Sources */ = {isa = PBXBuildFile; fileRef = FF9BFBEB2A9E6B0A0015E41C /* AdvertisementViewController.swift */; };
		FF9BFBF22A9E721B0015E41C /* AdvertisementCoordinator.swift in Sources */ = {isa = PBXBuildFile; fileRef = FF9BFBF12A9E721B0015E41C /* AdvertisementCoordinator.swift */; };
		FF9BFBF52A9E76390015E41C /* Swinject in Frameworks */ = {isa = PBXBuildFile; productRef = FF9BFBF42A9E76390015E41C /* Swinject */; };
		FF9BFBF82A9E7B220015E41C /* ServiceLocator.swift in Sources */ = {isa = PBXBuildFile; fileRef = FF9BFBF72A9E7B220015E41C /* ServiceLocator.swift */; };
		FF9BFBFB2A9E7B680015E41C /* AdvertisementsServiceAssembly.swift in Sources */ = {isa = PBXBuildFile; fileRef = FF9BFBFA2A9E7B680015E41C /* AdvertisementsServiceAssembly.swift */; };
		FF9BFBFD2A9E81870015E41C /* Resolver + Extension.swift in Sources */ = {isa = PBXBuildFile; fileRef = FF9BFBFC2A9E81870015E41C /* Resolver + Extension.swift */; };
		FF9BFBFF2A9E88090015E41C /* AdvertisementService.swift in Sources */ = {isa = PBXBuildFile; fileRef = FF9BFBFE2A9E88090015E41C /* AdvertisementService.swift */; };
		FF9BFC012A9E894A0015E41C /* AdvertisementServiceAssembly.swift in Sources */ = {isa = PBXBuildFile; fileRef = FF9BFC002A9E894A0015E41C /* AdvertisementServiceAssembly.swift */; };
		FF9BFC032A9E8C0A0015E41C /* AdvertisementDetails.swift in Sources */ = {isa = PBXBuildFile; fileRef = FF9BFC022A9E8C0A0015E41C /* AdvertisementDetails.swift */; };
		FFB323AC2A9F930100AAD8B5 /* ErrorView.swift in Sources */ = {isa = PBXBuildFile; fileRef = FFB323AB2A9F930100AAD8B5 /* ErrorView.swift */; };
/* End PBXBuildFile section */

/* Begin PBXFileReference section */
		FF1004E82A9D122E0050F81B /* AdvertisementsService.swift */ = {isa = PBXFileReference; lastKnownFileType = sourcecode.swift; path = AdvertisementsService.swift; sourceTree = "<group>"; };
		FF1004EA2A9D19DF0050F81B /* NetworkError.swift */ = {isa = PBXFileReference; lastKnownFileType = sourcecode.swift; path = NetworkError.swift; sourceTree = "<group>"; };
		FF52BED52A9A1FBD00E09E24 /* TestTask.app */ = {isa = PBXFileReference; explicitFileType = wrapper.application; includeInIndex = 0; path = TestTask.app; sourceTree = BUILT_PRODUCTS_DIR; };
		FF52BED82A9A1FBD00E09E24 /* AppDelegate.swift */ = {isa = PBXFileReference; lastKnownFileType = sourcecode.swift; path = AppDelegate.swift; sourceTree = "<group>"; };
		FF52BEDA2A9A1FBD00E09E24 /* SceneDelegate.swift */ = {isa = PBXFileReference; lastKnownFileType = sourcecode.swift; path = SceneDelegate.swift; sourceTree = "<group>"; };
		FF52BEDC2A9A1FBD00E09E24 /* CatalogViewController.swift */ = {isa = PBXFileReference; lastKnownFileType = sourcecode.swift; path = CatalogViewController.swift; sourceTree = "<group>"; };
		FF52BEE12A9A1FBE00E09E24 /* Assets.xcassets */ = {isa = PBXFileReference; lastKnownFileType = folder.assetcatalog; path = Assets.xcassets; sourceTree = "<group>"; };
		FF52BEE42A9A1FBE00E09E24 /* Base */ = {isa = PBXFileReference; lastKnownFileType = file.storyboard; name = Base; path = Base.lproj/LaunchScreen.storyboard; sourceTree = "<group>"; };
		FF52BEE62A9A1FBE00E09E24 /* Info.plist */ = {isa = PBXFileReference; lastKnownFileType = text.plist.xml; path = Info.plist; sourceTree = "<group>"; };
		FF52BEEC2A9A56A100E09E24 /* AppCoordinator.swift */ = {isa = PBXFileReference; lastKnownFileType = sourcecode.swift; path = AppCoordinator.swift; sourceTree = "<group>"; };
		FF52BEEE2A9A56AA00E09E24 /* CatalogCoordinator.swift */ = {isa = PBXFileReference; lastKnownFileType = sourcecode.swift; path = CatalogCoordinator.swift; sourceTree = "<group>"; };
		FF52BEF22A9A5C9F00E09E24 /* Advertisement.swift */ = {isa = PBXFileReference; lastKnownFileType = sourcecode.swift; path = Advertisement.swift; sourceTree = "<group>"; };
		FF52BEF42A9A5EA900E09E24 /* CatalogPresenter.swift */ = {isa = PBXFileReference; lastKnownFileType = sourcecode.swift; path = CatalogPresenter.swift; sourceTree = "<group>"; };
		FF52BF012A9A7FEB00E09E24 /* CatalogCollectionViewCell.swift */ = {isa = PBXFileReference; lastKnownFileType = sourcecode.swift; path = CatalogCollectionViewCell.swift; sourceTree = "<group>"; };
		FF9BFBDE2A9E5EE20015E41C /* UIView + Extension.swift */ = {isa = PBXFileReference; lastKnownFileType = sourcecode.swift; path = "UIView + Extension.swift"; sourceTree = "<group>"; };
		FF9BFBE32A9E66730015E41C /* BaseCoordinatorProtocol.swift */ = {isa = PBXFileReference; lastKnownFileType = sourcecode.swift; path = BaseCoordinatorProtocol.swift; sourceTree = "<group>"; };
		FF9BFBE92A9E6AC80015E41C /* AdvertisementPresenter.swift */ = {isa = PBXFileReference; lastKnownFileType = sourcecode.swift; path = AdvertisementPresenter.swift; sourceTree = "<group>"; };
		FF9BFBEB2A9E6B0A0015E41C /* AdvertisementViewController.swift */ = {isa = PBXFileReference; lastKnownFileType = sourcecode.swift; path = AdvertisementViewController.swift; sourceTree = "<group>"; };
		FF9BFBF12A9E721B0015E41C /* AdvertisementCoordinator.swift */ = {isa = PBXFileReference; lastKnownFileType = sourcecode.swift; path = AdvertisementCoordinator.swift; sourceTree = "<group>"; };
		FF9BFBF72A9E7B220015E41C /* ServiceLocator.swift */ = {isa = PBXFileReference; lastKnownFileType = sourcecode.swift; path = ServiceLocator.swift; sourceTree = "<group>"; };
		FF9BFBFA2A9E7B680015E41C /* AdvertisementsServiceAssembly.swift */ = {isa = PBXFileReference; lastKnownFileType = sourcecode.swift; path = AdvertisementsServiceAssembly.swift; sourceTree = "<group>"; };
		FF9BFBFC2A9E81870015E41C /* Resolver + Extension.swift */ = {isa = PBXFileReference; lastKnownFileType = sourcecode.swift; path = "Resolver + Extension.swift"; sourceTree = "<group>"; };
		FF9BFBFE2A9E88090015E41C /* AdvertisementService.swift */ = {isa = PBXFileReference; lastKnownFileType = sourcecode.swift; path = AdvertisementService.swift; sourceTree = "<group>"; };
		FF9BFC002A9E894A0015E41C /* AdvertisementServiceAssembly.swift */ = {isa = PBXFileReference; lastKnownFileType = sourcecode.swift; path = AdvertisementServiceAssembly.swift; sourceTree = "<group>"; };
		FF9BFC022A9E8C0A0015E41C /* AdvertisementDetails.swift */ = {isa = PBXFileReference; lastKnownFileType = sourcecode.swift; path = AdvertisementDetails.swift; sourceTree = "<group>"; };
		FFB323AB2A9F930100AAD8B5 /* ErrorView.swift */ = {isa = PBXFileReference; lastKnownFileType = sourcecode.swift; path = ErrorView.swift; sourceTree = "<group>"; };
/* End PBXFileReference section */

/* Begin PBXFrameworksBuildPhase section */
		FF52BED22A9A1FBD00E09E24 /* Frameworks */ = {
			isa = PBXFrameworksBuildPhase;
			buildActionMask = 2147483647;
			files = (
				FF9BFBE22A9E60950015E41C /* Kingfisher in Frameworks */,
				FF9BFBF52A9E76390015E41C /* Swinject in Frameworks */,
			);
			runOnlyForDeploymentPostprocessing = 0;
		};
/* End PBXFrameworksBuildPhase section */

/* Begin PBXGroup section */
		FF1004E72A9D11DB0050F81B /* Service */ = {
			isa = PBXGroup;
			children = (
				FF1004E82A9D122E0050F81B /* AdvertisementsService.swift */,
				FF9BFBFE2A9E88090015E41C /* AdvertisementService.swift */,
				FF1004EA2A9D19DF0050F81B /* NetworkError.swift */,
			);
			path = Service;
			sourceTree = "<group>";
		};
		FF1004F02A9D1FFF0050F81B /* Application */ = {
			isa = PBXGroup;
			children = (
				FF52BED82A9A1FBD00E09E24 /* AppDelegate.swift */,
				FF52BEDA2A9A1FBD00E09E24 /* SceneDelegate.swift */,
			);
			path = Application;
			sourceTree = "<group>";
		};
		FF1004F12A9D20CF0050F81B /* Resourses */ = {
			isa = PBXGroup;
			children = (
				FF52BEE12A9A1FBE00E09E24 /* Assets.xcassets */,
				FF52BEE62A9A1FBE00E09E24 /* Info.plist */,
			);
			path = Resourses;
			sourceTree = "<group>";
		};
		FF52BECC2A9A1FBD00E09E24 = {
			isa = PBXGroup;
			children = (
				FF52BED72A9A1FBD00E09E24 /* TestTask */,
				FF52BED62A9A1FBD00E09E24 /* Products */,
			);
			sourceTree = "<group>";
		};
		FF52BED62A9A1FBD00E09E24 /* Products */ = {
			isa = PBXGroup;
			children = (
				FF52BED52A9A1FBD00E09E24 /* TestTask.app */,
			);
			name = Products;
			sourceTree = "<group>";
		};
		FF52BED72A9A1FBD00E09E24 /* TestTask */ = {
			isa = PBXGroup;
			children = (
				FF9BFBF92A9E7B460015E41C /* DependencyAssemblers */,
				FF9BFBF62A9E7B160015E41C /* Helpers */,
				FF9BFBDD2A9E5EB40015E41C /* Extension */,
				FF1004F02A9D1FFF0050F81B /* Application */,
				FF52BEFB2A9A645B00E09E24 /* Coordinators */,
				FF52BEFF2A9A64D300E09E24 /* Models */,
				FF52BEF82A9A642100E09E24 /* Modules */,
				FF52BEFC2A9A647500E09E24 /* Protocols */,
				FF1004F12A9D20CF0050F81B /* Resourses */,
				FF1004E72A9D11DB0050F81B /* Service */,
				FF52BF002A9A650D00E09E24 /* Storyboards */,
			);
			path = TestTask;
			sourceTree = "<group>";
		};
		FF52BEF82A9A642100E09E24 /* Modules */ = {
			isa = PBXGroup;
			children = (
				FF52BEF92A9A642F00E09E24 /* Catalog */,
				FF9BFBE62A9E68100015E41C /* Advertisement */,
				FFB323AB2A9F930100AAD8B5 /* ErrorView.swift */,
			);
			path = Modules;
			sourceTree = "<group>";
		};
		FF52BEF92A9A642F00E09E24 /* Catalog */ = {
			isa = PBXGroup;
			children = (
				FF52BEFE2A9A64A000E09E24 /* Presenter */,
				FF52BEFD2A9A649700E09E24 /* View */,
			);
			path = Catalog;
			sourceTree = "<group>";
		};
		FF52BEFB2A9A645B00E09E24 /* Coordinators */ = {
			isa = PBXGroup;
			children = (
				FF52BEEC2A9A56A100E09E24 /* AppCoordinator.swift */,
				FF52BEEE2A9A56AA00E09E24 /* CatalogCoordinator.swift */,
				FF9BFBF12A9E721B0015E41C /* AdvertisementCoordinator.swift */,
			);
			path = Coordinators;
			sourceTree = "<group>";
		};
		FF52BEFC2A9A647500E09E24 /* Protocols */ = {
			isa = PBXGroup;
			children = (
				FF9BFBE32A9E66730015E41C /* BaseCoordinatorProtocol.swift */,
			);
			path = Protocols;
			sourceTree = "<group>";
		};
		FF52BEFD2A9A649700E09E24 /* View */ = {
			isa = PBXGroup;
			children = (
				FF52BF012A9A7FEB00E09E24 /* CatalogCollectionViewCell.swift */,
				FF52BEDC2A9A1FBD00E09E24 /* CatalogViewController.swift */,
			);
			path = View;
			sourceTree = "<group>";
		};
		FF52BEFE2A9A64A000E09E24 /* Presenter */ = {
			isa = PBXGroup;
			children = (
				FF52BEF42A9A5EA900E09E24 /* CatalogPresenter.swift */,
			);
			path = Presenter;
			sourceTree = "<group>";
		};
		FF52BEFF2A9A64D300E09E24 /* Models */ = {
			isa = PBXGroup;
			children = (
				FF52BEF22A9A5C9F00E09E24 /* Advertisement.swift */,
				FF9BFC022A9E8C0A0015E41C /* AdvertisementDetails.swift */,
			);
			path = Models;
			sourceTree = "<group>";
		};
		FF52BF002A9A650D00E09E24 /* Storyboards */ = {
			isa = PBXGroup;
			children = (
				FF52BEE32A9A1FBE00E09E24 /* LaunchScreen.storyboard */,
			);
			path = Storyboards;
			sourceTree = "<group>";
		};
		FF9BFBDD2A9E5EB40015E41C /* Extension */ = {
			isa = PBXGroup;
			children = (
				FF9BFBDE2A9E5EE20015E41C /* UIView + Extension.swift */,
				FF9BFBFC2A9E81870015E41C /* Resolver + Extension.swift */,
			);
			path = Extension;
			sourceTree = "<group>";
		};
		FF9BFBE62A9E68100015E41C /* Advertisement */ = {
			isa = PBXGroup;
			children = (
				FF9BFBE82A9E69020015E41C /* Presenter */,
				FF9BFBE72A9E68FD0015E41C /* View */,
			);
			path = Advertisement;
			sourceTree = "<group>";
		};
		FF9BFBE72A9E68FD0015E41C /* View */ = {
			isa = PBXGroup;
			children = (
				FF9BFBEB2A9E6B0A0015E41C /* AdvertisementViewController.swift */,
			);
			path = View;
			sourceTree = "<group>";
		};
		FF9BFBE82A9E69020015E41C /* Presenter */ = {
			isa = PBXGroup;
			children = (
				FF9BFBE92A9E6AC80015E41C /* AdvertisementPresenter.swift */,
			);
			path = Presenter;
			sourceTree = "<group>";
		};
		FF9BFBF62A9E7B160015E41C /* Helpers */ = {
			isa = PBXGroup;
			children = (
				FF9BFBF72A9E7B220015E41C /* ServiceLocator.swift */,
			);
			path = Helpers;
			sourceTree = "<group>";
		};
		FF9BFBF92A9E7B460015E41C /* DependencyAssemblers */ = {
			isa = PBXGroup;
			children = (
				FF9BFBFA2A9E7B680015E41C /* AdvertisementsServiceAssembly.swift */,
				FF9BFC002A9E894A0015E41C /* AdvertisementServiceAssembly.swift */,
			);
			path = DependencyAssemblers;
			sourceTree = "<group>";
		};
/* End PBXGroup section */

/* Begin PBXNativeTarget section */
		FF52BED42A9A1FBD00E09E24 /* TestTask */ = {
			isa = PBXNativeTarget;
			buildConfigurationList = FF52BEE92A9A1FBE00E09E24 /* Build configuration list for PBXNativeTarget "TestTask" */;
			buildPhases = (
				FF52BED12A9A1FBD00E09E24 /* Sources */,
				FF52BED22A9A1FBD00E09E24 /* Frameworks */,
				FF52BED32A9A1FBD00E09E24 /* Resources */,
			);
			buildRules = (
			);
			dependencies = (
			);
			name = TestTask;
			packageProductDependencies = (
				FF9BFBE12A9E60950015E41C /* Kingfisher */,
				FF9BFBF42A9E76390015E41C /* Swinject */,
			);
			productName = TestTask;
			productReference = FF52BED52A9A1FBD00E09E24 /* TestTask.app */;
			productType = "com.apple.product-type.application";
		};
/* End PBXNativeTarget section */

/* Begin PBXProject section */
		FF52BECD2A9A1FBD00E09E24 /* Project object */ = {
			isa = PBXProject;
			attributes = {
				BuildIndependentTargetsInParallel = 1;
				LastSwiftUpdateCheck = 1430;
				LastUpgradeCheck = 1430;
				TargetAttributes = {
					FF52BED42A9A1FBD00E09E24 = {
						CreatedOnToolsVersion = 14.3.1;
					};
				};
			};
			buildConfigurationList = FF52BED02A9A1FBD00E09E24 /* Build configuration list for PBXProject "TestTask" */;
			compatibilityVersion = "Xcode 14.0";
			developmentRegion = en;
			hasScannedForEncodings = 0;
			knownRegions = (
				en,
				Base,
			);
			mainGroup = FF52BECC2A9A1FBD00E09E24;
			packageReferences = (
				FF9BFBE02A9E60950015E41C /* XCRemoteSwiftPackageReference "Kingfisher" */,
				FF9BFBF32A9E76390015E41C /* XCRemoteSwiftPackageReference "Swinject" */,
			);
			productRefGroup = FF52BED62A9A1FBD00E09E24 /* Products */;
			projectDirPath = "";
			projectRoot = "";
			targets = (
				FF52BED42A9A1FBD00E09E24 /* TestTask */,
			);
		};
/* End PBXProject section */

/* Begin PBXResourcesBuildPhase section */
		FF52BED32A9A1FBD00E09E24 /* Resources */ = {
			isa = PBXResourcesBuildPhase;
			buildActionMask = 2147483647;
			files = (
				FF52BEE52A9A1FBE00E09E24 /* LaunchScreen.storyboard in Resources */,
				FF52BEE22A9A1FBE00E09E24 /* Assets.xcassets in Resources */,
			);
			runOnlyForDeploymentPostprocessing = 0;
		};
/* End PBXResourcesBuildPhase section */

/* Begin PBXSourcesBuildPhase section */
		FF52BED12A9A1FBD00E09E24 /* Sources */ = {
			isa = PBXSourcesBuildPhase;
			buildActionMask = 2147483647;
			files = (
				FF9BFBF82A9E7B220015E41C /* ServiceLocator.swift in Sources */,
				FF9BFC032A9E8C0A0015E41C /* AdvertisementDetails.swift in Sources */,
				FF1004E92A9D122E0050F81B /* AdvertisementsService.swift in Sources */,
				FF9BFBE42A9E66730015E41C /* BaseCoordinatorProtocol.swift in Sources */,
				FF52BEED2A9A56A100E09E24 /* AppCoordinator.swift in Sources */,
				FF52BEDD2A9A1FBD00E09E24 /* CatalogViewController.swift in Sources */,
				FF9BFBFB2A9E7B680015E41C /* AdvertisementsServiceAssembly.swift in Sources */,
				FFB323AC2A9F930100AAD8B5 /* ErrorView.swift in Sources */,
				FF52BEF52A9A5EA900E09E24 /* CatalogPresenter.swift in Sources */,
				FF52BED92A9A1FBD00E09E24 /* AppDelegate.swift in Sources */,
				FF52BEEF2A9A56AA00E09E24 /* CatalogCoordinator.swift in Sources */,
				FF9BFBFF2A9E88090015E41C /* AdvertisementService.swift in Sources */,
				FF52BEDB2A9A1FBD00E09E24 /* SceneDelegate.swift in Sources */,
				FF9BFBFD2A9E81870015E41C /* Resolver + Extension.swift in Sources */,
				FF9BFBF22A9E721B0015E41C /* AdvertisementCoordinator.swift in Sources */,
				FF1004EB2A9D19DF0050F81B /* NetworkError.swift in Sources */,
				FF52BF022A9A7FEB00E09E24 /* CatalogCollectionViewCell.swift in Sources */,
				FF9BFC012A9E894A0015E41C /* AdvertisementServiceAssembly.swift in Sources */,
				FF9BFBDF2A9E5EE20015E41C /* UIView + Extension.swift in Sources */,
				FF9BFBEA2A9E6AC80015E41C /* AdvertisementPresenter.swift in Sources */,
				FF52BEF32A9A5C9F00E09E24 /* Advertisement.swift in Sources */,
				FF9BFBEC2A9E6B0A0015E41C /* AdvertisementViewController.swift in Sources */,
			);
			runOnlyForDeploymentPostprocessing = 0;
		};
/* End PBXSourcesBuildPhase section */

/* Begin PBXVariantGroup section */
		FF52BEE32A9A1FBE00E09E24 /* LaunchScreen.storyboard */ = {
			isa = PBXVariantGroup;
			children = (
				FF52BEE42A9A1FBE00E09E24 /* Base */,
			);
			name = LaunchScreen.storyboard;
			sourceTree = "<group>";
		};
/* End PBXVariantGroup section */

/* Begin XCBuildConfiguration section */
		FF52BEE72A9A1FBE00E09E24 /* Debug */ = {
			isa = XCBuildConfiguration;
			buildSettings = {
				ALWAYS_SEARCH_USER_PATHS = NO;
				CLANG_ANALYZER_NONNULL = YES;
				CLANG_ANALYZER_NUMBER_OBJECT_CONVERSION = YES_AGGRESSIVE;
				CLANG_CXX_LANGUAGE_STANDARD = "gnu++20";
				CLANG_ENABLE_MODULES = YES;
				CLANG_ENABLE_OBJC_ARC = YES;
				CLANG_ENABLE_OBJC_WEAK = YES;
				CLANG_WARN_BLOCK_CAPTURE_AUTORELEASING = YES;
				CLANG_WARN_BOOL_CONVERSION = YES;
				CLANG_WARN_COMMA = YES;
				CLANG_WARN_CONSTANT_CONVERSION = YES;
				CLANG_WARN_DEPRECATED_OBJC_IMPLEMENTATIONS = YES;
				CLANG_WARN_DIRECT_OBJC_ISA_USAGE = YES_ERROR;
				CLANG_WARN_DOCUMENTATION_COMMENTS = YES;
				CLANG_WARN_EMPTY_BODY = YES;
				CLANG_WARN_ENUM_CONVERSION = YES;
				CLANG_WARN_INFINITE_RECURSION = YES;
				CLANG_WARN_INT_CONVERSION = YES;
				CLANG_WARN_NON_LITERAL_NULL_CONVERSION = YES;
				CLANG_WARN_OBJC_IMPLICIT_RETAIN_SELF = YES;
				CLANG_WARN_OBJC_LITERAL_CONVERSION = YES;
				CLANG_WARN_OBJC_ROOT_CLASS = YES_ERROR;
				CLANG_WARN_QUOTED_INCLUDE_IN_FRAMEWORK_HEADER = YES;
				CLANG_WARN_RANGE_LOOP_ANALYSIS = YES;
				CLANG_WARN_STRICT_PROTOTYPES = YES;
				CLANG_WARN_SUSPICIOUS_MOVE = YES;
				CLANG_WARN_UNGUARDED_AVAILABILITY = YES_AGGRESSIVE;
				CLANG_WARN_UNREACHABLE_CODE = YES;
				CLANG_WARN__DUPLICATE_METHOD_MATCH = YES;
				COPY_PHASE_STRIP = NO;
				DEBUG_INFORMATION_FORMAT = dwarf;
				ENABLE_STRICT_OBJC_MSGSEND = YES;
				ENABLE_TESTABILITY = YES;
				GCC_C_LANGUAGE_STANDARD = gnu11;
				GCC_DYNAMIC_NO_PIC = NO;
				GCC_NO_COMMON_BLOCKS = YES;
				GCC_OPTIMIZATION_LEVEL = 0;
				GCC_PREPROCESSOR_DEFINITIONS = (
					"DEBUG=1",
					"$(inherited)",
				);
				GCC_WARN_64_TO_32_BIT_CONVERSION = YES;
				GCC_WARN_ABOUT_RETURN_TYPE = YES_ERROR;
				GCC_WARN_UNDECLARED_SELECTOR = YES;
				GCC_WARN_UNINITIALIZED_AUTOS = YES_AGGRESSIVE;
				GCC_WARN_UNUSED_FUNCTION = YES;
				GCC_WARN_UNUSED_VARIABLE = YES;
				IPHONEOS_DEPLOYMENT_TARGET = 16.4;
				MTL_ENABLE_DEBUG_INFO = INCLUDE_SOURCE;
				MTL_FAST_MATH = YES;
				ONLY_ACTIVE_ARCH = YES;
				SDKROOT = iphoneos;
				SWIFT_ACTIVE_COMPILATION_CONDITIONS = DEBUG;
				SWIFT_OPTIMIZATION_LEVEL = "-Onone";
			};
			name = Debug;
		};
		FF52BEE82A9A1FBE00E09E24 /* Release */ = {
			isa = XCBuildConfiguration;
			buildSettings = {
				ALWAYS_SEARCH_USER_PATHS = NO;
				CLANG_ANALYZER_NONNULL = YES;
				CLANG_ANALYZER_NUMBER_OBJECT_CONVERSION = YES_AGGRESSIVE;
				CLANG_CXX_LANGUAGE_STANDARD = "gnu++20";
				CLANG_ENABLE_MODULES = YES;
				CLANG_ENABLE_OBJC_ARC = YES;
				CLANG_ENABLE_OBJC_WEAK = YES;
				CLANG_WARN_BLOCK_CAPTURE_AUTORELEASING = YES;
				CLANG_WARN_BOOL_CONVERSION = YES;
				CLANG_WARN_COMMA = YES;
				CLANG_WARN_CONSTANT_CONVERSION = YES;
				CLANG_WARN_DEPRECATED_OBJC_IMPLEMENTATIONS = YES;
				CLANG_WARN_DIRECT_OBJC_ISA_USAGE = YES_ERROR;
				CLANG_WARN_DOCUMENTATION_COMMENTS = YES;
				CLANG_WARN_EMPTY_BODY = YES;
				CLANG_WARN_ENUM_CONVERSION = YES;
				CLANG_WARN_INFINITE_RECURSION = YES;
				CLANG_WARN_INT_CONVERSION = YES;
				CLANG_WARN_NON_LITERAL_NULL_CONVERSION = YES;
				CLANG_WARN_OBJC_IMPLICIT_RETAIN_SELF = YES;
				CLANG_WARN_OBJC_LITERAL_CONVERSION = YES;
				CLANG_WARN_OBJC_ROOT_CLASS = YES_ERROR;
				CLANG_WARN_QUOTED_INCLUDE_IN_FRAMEWORK_HEADER = YES;
				CLANG_WARN_RANGE_LOOP_ANALYSIS = YES;
				CLANG_WARN_STRICT_PROTOTYPES = YES;
				CLANG_WARN_SUSPICIOUS_MOVE = YES;
				CLANG_WARN_UNGUARDED_AVAILABILITY = YES_AGGRESSIVE;
				CLANG_WARN_UNREACHABLE_CODE = YES;
				CLANG_WARN__DUPLICATE_METHOD_MATCH = YES;
				COPY_PHASE_STRIP = NO;
				DEBUG_INFORMATION_FORMAT = "dwarf-with-dsym";
				ENABLE_NS_ASSERTIONS = NO;
				ENABLE_STRICT_OBJC_MSGSEND = YES;
				GCC_C_LANGUAGE_STANDARD = gnu11;
				GCC_NO_COMMON_BLOCKS = YES;
				GCC_WARN_64_TO_32_BIT_CONVERSION = YES;
				GCC_WARN_ABOUT_RETURN_TYPE = YES_ERROR;
				GCC_WARN_UNDECLARED_SELECTOR = YES;
				GCC_WARN_UNINITIALIZED_AUTOS = YES_AGGRESSIVE;
				GCC_WARN_UNUSED_FUNCTION = YES;
				GCC_WARN_UNUSED_VARIABLE = YES;
				IPHONEOS_DEPLOYMENT_TARGET = 16.4;
				MTL_ENABLE_DEBUG_INFO = NO;
				MTL_FAST_MATH = YES;
				SDKROOT = iphoneos;
				SWIFT_COMPILATION_MODE = wholemodule;
				SWIFT_OPTIMIZATION_LEVEL = "-O";
				VALIDATE_PRODUCT = YES;
			};
			name = Release;
		};
		FF52BEEA2A9A1FBE00E09E24 /* Debug */ = {
			isa = XCBuildConfiguration;
			buildSettings = {
				ASSETCATALOG_COMPILER_APPICON_NAME = AppIcon;
				ASSETCATALOG_COMPILER_GLOBAL_ACCENT_COLOR_NAME = AccentColor;
				CODE_SIGN_STYLE = Automatic;
				CURRENT_PROJECT_VERSION = 1;
				DEVELOPMENT_TEAM = KTNM35TF3W;
				GENERATE_INFOPLIST_FILE = YES;
				INFOPLIST_FILE = TestTask/Resourses/Info.plist;
				INFOPLIST_KEY_UIApplicationSupportsIndirectInputEvents = YES;
				INFOPLIST_KEY_UILaunchStoryboardName = LaunchScreen;
				INFOPLIST_KEY_UISupportedInterfaceOrientations = UIInterfaceOrientationPortrait;
				INFOPLIST_KEY_UISupportedInterfaceOrientations_iPad = "UIInterfaceOrientationLandscapeLeft UIInterfaceOrientationLandscapeRight UIInterfaceOrientationPortraitUpsideDown";
				IPHONEOS_DEPLOYMENT_TARGET = 15.0;
				LD_RUNPATH_SEARCH_PATHS = (
					"$(inherited)",
					"@executable_path/Frameworks",
				);
				MARKETING_VERSION = 1.0;
				PRODUCT_BUNDLE_IDENTIFIER = com.github.notsoundbanana.TestTask;
				PRODUCT_NAME = "$(TARGET_NAME)";
				SUPPORTED_PLATFORMS = "iphoneos iphonesimulator";
				SUPPORTS_MACCATALYST = NO;
				SUPPORTS_MAC_DESIGNED_FOR_IPHONE_IPAD = NO;
				SWIFT_EMIT_LOC_STRINGS = YES;
				SWIFT_VERSION = 5.0;
				TARGETED_DEVICE_FAMILY = 1;
			};
			name = Debug;
		};
		FF52BEEB2A9A1FBE00E09E24 /* Release */ = {
			isa = XCBuildConfiguration;
			buildSettings = {
				ASSETCATALOG_COMPILER_APPICON_NAME = AppIcon;
				ASSETCATALOG_COMPILER_GLOBAL_ACCENT_COLOR_NAME = AccentColor;
				CODE_SIGN_STYLE = Automatic;
				CURRENT_PROJECT_VERSION = 1;
				DEVELOPMENT_TEAM = KTNM35TF3W;
				GENERATE_INFOPLIST_FILE = YES;
				INFOPLIST_FILE = TestTask/Resourses/Info.plist;
				INFOPLIST_KEY_UIApplicationSupportsIndirectInputEvents = YES;
				INFOPLIST_KEY_UILaunchStoryboardName = LaunchScreen;
				INFOPLIST_KEY_UISupportedInterfaceOrientations = UIInterfaceOrientationPortrait;
				INFOPLIST_KEY_UISupportedInterfaceOrientations_iPad = "UIInterfaceOrientationLandscapeLeft UIInterfaceOrientationLandscapeRight UIInterfaceOrientationPortraitUpsideDown";
				IPHONEOS_DEPLOYMENT_TARGET = 15.0;
				LD_RUNPATH_SEARCH_PATHS = (
					"$(inherited)",
					"@executable_path/Frameworks",
				);
				MARKETING_VERSION = 1.0;
				PRODUCT_BUNDLE_IDENTIFIER = com.github.notsoundbanana.TestTask;
				PRODUCT_NAME = "$(TARGET_NAME)";
				SUPPORTED_PLATFORMS = "iphoneos iphonesimulator";
				SUPPORTS_MACCATALYST = NO;
				SUPPORTS_MAC_DESIGNED_FOR_IPHONE_IPAD = NO;
				SWIFT_EMIT_LOC_STRINGS = YES;
				SWIFT_VERSION = 5.0;
				TARGETED_DEVICE_FAMILY = 1;
			};
			name = Release;
		};
/* End XCBuildConfiguration section */

/* Begin XCConfigurationList section */
		FF52BED02A9A1FBD00E09E24 /* Build configuration list for PBXProject "TestTask" */ = {
			isa = XCConfigurationList;
			buildConfigurations = (
				FF52BEE72A9A1FBE00E09E24 /* Debug */,
				FF52BEE82A9A1FBE00E09E24 /* Release */,
			);
			defaultConfigurationIsVisible = 0;
			defaultConfigurationName = Release;
		};
		FF52BEE92A9A1FBE00E09E24 /* Build configuration list for PBXNativeTarget "TestTask" */ = {
			isa = XCConfigurationList;
			buildConfigurations = (
				FF52BEEA2A9A1FBE00E09E24 /* Debug */,
				FF52BEEB2A9A1FBE00E09E24 /* Release */,
			);
			defaultConfigurationIsVisible = 0;
			defaultConfigurationName = Release;
		};
/* End XCConfigurationList section */

/* Begin XCRemoteSwiftPackageReference section */
		FF9BFBE02A9E60950015E41C /* XCRemoteSwiftPackageReference "Kingfisher" */ = {
			isa = XCRemoteSwiftPackageReference;
			repositoryURL = "git@github.com:onevcat/Kingfisher.git";
			requirement = {
				kind = upToNextMajorVersion;
				minimumVersion = 7.0.0;
			};
		};
		FF9BFBF32A9E76390015E41C /* XCRemoteSwiftPackageReference "Swinject" */ = {
			isa = XCRemoteSwiftPackageReference;
			repositoryURL = "git@github.com:Swinject/Swinject.git";
			requirement = {
				kind = upToNextMajorVersion;
				minimumVersion = 2.0.0;
			};
		};
/* End XCRemoteSwiftPackageReference section */

/* Begin XCSwiftPackageProductDependency section */
		FF9BFBE12A9E60950015E41C /* Kingfisher */ = {
			isa = XCSwiftPackageProductDependency;
			package = FF9BFBE02A9E60950015E41C /* XCRemoteSwiftPackageReference "Kingfisher" */;
			productName = Kingfisher;
		};
		FF9BFBF42A9E76390015E41C /* Swinject */ = {
			isa = XCSwiftPackageProductDependency;
			package = FF9BFBF32A9E76390015E41C /* XCRemoteSwiftPackageReference "Swinject" */;
			productName = Swinject;
		};
/* End XCSwiftPackageProductDependency section */
	};
	rootObject = FF52BECD2A9A1FBD00E09E24 /* Project object */;
}
